
Microsoft Visual Studio Solution File, Format Version 12.00
# Visual Studio Version 16
VisualStudioVersion = 16.0.30717.126
MinimumVisualStudioVersion = 10.0.40219.1
Project("{8BC9CEB8-8B4A-11D0-8D11-00A0C91BC942}") = "AOC1", "AOC1\AOC1.vcxproj", "{823B0674-927B-4E4E-81E7-F3EDA6FE075C}"
EndProject
Project("{8BC9CEB8-8B4A-11D0-8D11-00A0C91BC942}") = "AOC2", "AOC2\AOC2.vcxproj", "{7446C2DD-67D9-4EA2-B322-8A520B0EABD2}"
EndProject
Project("{8BC9CEB8-8B4A-11D0-8D11-00A0C91BC942}") = "AOC3", "AOC3\AOC3.vcxproj", "{A58AD8F6-FE77-4A98-8394-441B627753E8}"
EndProject
Project("{8BC9CEB8-8B4A-11D0-8D11-00A0C91BC942}") = "AOC4", "AOC4\AOC4.vcxproj", "{9B0461DD-B572-4AC8-824C-BC5A810F614A}"
EndProject
Global
	GlobalSection(SolutionConfigurationPlatforms) = preSolution
		Debug|x64 = Debug|x64
		Debug|x86 = Debug|x86
		Release|x64 = Release|x64
		Release|x86 = Release|x86
	EndGlobalSection
	GlobalSection(ProjectConfigurationPlatforms) = postSolution
		{823B0674-927B-4E4E-81E7-F3EDA6FE075C}.Debug|x64.ActiveCfg = Debug|x64
		{823B0674-927B-4E4E-81E7-F3EDA6FE075C}.Debug|x64.Build.0 = Debug|x64
		{823B0674-927B-4E4E-81E7-F3EDA6FE075C}.Debug|x86.ActiveCfg = Debug|Win32
		{823B0674-927B-4E4E-81E7-F3EDA6FE075C}.Debug|x86.Build.0 = Debug|Win32
		{823B0674-927B-4E4E-81E7-F3EDA6FE075C}.Release|x64.ActiveCfg = Release|x64
		{823B0674-927B-4E4E-81E7-F3EDA6FE075C}.Release|x64.Build.0 = Release|x64
		{823B0674-927B-4E4E-81E7-F3EDA6FE075C}.Release|x86.ActiveCfg = Release|Win32
		{823B0674-927B-4E4E-81E7-F3EDA6FE075C}.Release|x86.Build.0 = Release|Win32
		{7446C2DD-67D9-4EA2-B322-8A520B0EABD2}.Debug|x64.ActiveCfg = Debug|x64
		{7446C2DD-67D9-4EA2-B322-8A520B0EABD2}.Debug|x64.Build.0 = Debug|x64
		{7446C2DD-67D9-4EA2-B322-8A520B0EABD2}.Debug|x86.ActiveCfg = Debug|Win32
		{7446C2DD-67D9-4EA2-B322-8A520B0EABD2}.Debug|x86.Build.0 = Debug|Win32
		{7446C2DD-67D9-4EA2-B322-8A520B0EABD2}.Release|x64.ActiveCfg = Release|x64
		{7446C2DD-67D9-4EA2-B322-8A520B0EABD2}.Release|x64.Build.0 = Release|x64
		{7446C2DD-67D9-4EA2-B322-8A520B0EABD2}.Release|x86.ActiveCfg = Release|Win32
		{7446C2DD-67D9-4EA2-B322-8A520B0EABD2}.Release|x86.Build.0 = Release|Win32
		{A58AD8F6-FE77-4A98-8394-441B627753E8}.Debug|x64.ActiveCfg = Debug|x64
		{A58AD8F6-FE77-4A98-8394-441B627753E8}.Debug|x64.Build.0 = Debug|x64
		{A58AD8F6-FE77-4A98-8394-441B627753E8}.Debug|x86.ActiveCfg = Debug|Win32
		{A58AD8F6-FE77-4A98-8394-441B627753E8}.Debug|x86.Build.0 = Debug|Win32
		{A58AD8F6-FE77-4A98-8394-441B627753E8}.Release|x64.ActiveCfg = Release|x64
		{A58AD8F6-FE77-4A98-8394-441B627753E8}.Release|x64.Build.0 = Release|x64
		{A58AD8F6-FE77-4A98-8394-441B627753E8}.Release|x86.ActiveCfg = Release|Win32
		{A58AD8F6-FE77-4A98-8394-441B627753E8}.Release|x86.Build.0 = Release|Win32
		{9B0461DD-B572-4AC8-824C-BC5A810F614A}.Debug|x64.ActiveCfg = Debug|x64
		{9B0461DD-B572-4AC8-824C-BC5A810F614A}.Debug|x64.Build.0 = Debug|x64
		{9B0461DD-B572-4AC8-824C-BC5A810F614A}.Debug|x86.ActiveCfg = Debug|Win32
		{9B0461DD-B572-4AC8-824C-BC5A810F614A}.Debug|x86.Build.0 = Debug|Win32
		{9B0461DD-B572-4AC8-824C-BC5A810F614A}.Release|x64.ActiveCfg = Release|x64
		{9B0461DD-B572-4AC8-824C-BC5A810F614A}.Release|x64.Build.0 = Release|x64
		{9B0461DD-B572-4AC8-824C-BC5A810F614A}.Release|x86.ActiveCfg = Release|Win32
		{9B0461DD-B572-4AC8-824C-BC5A810F614A}.Release|x86.Build.0 = Release|Win32
	EndGlobalSection
	GlobalSection(SolutionProperties) = preSolution
		HideSolutionNode = FALSE
	EndGlobalSection
	GlobalSection(ExtensibilityGlobals) = postSolution
		SolutionGuid = {71EEF915-9DEC-4910-B211-875F83837F70}
	EndGlobalSection
EndGlobal
